
Microsoft Visual Studio Solution File, Format Version 12.00
# Visual Studio Version 17
VisualStudioVersion = 17.11.35327.3
MinimumVisualStudioVersion = 10.0.40219.1
Project("{FAE04EC0-301F-11D3-BF4B-00C04F79EFBC}") = "Assignment_Iron Software", "Assignment_Iron Software\Assignment_Iron Software.csproj", "{3D8E5E00-82B8-4666-8692-52B36995D801}"
EndProject
Global
	GlobalSection(SolutionConfigurationPlatforms) = preSolution
		Debug|Any CPU = Debug|Any CPU
		Release|Any CPU = Release|Any CPU
	EndGlobalSection
	GlobalSection(ProjectConfigurationPlatforms) = postSolution
		{3D8E5E00-82B8-4666-8692-52B36995D801}.Debug|Any CPU.ActiveCfg = Debug|Any CPU
		{3D8E5E00-82B8-4666-8692-52B36995D801}.Debug|Any CPU.Build.0 = Debug|Any CPU
		{3D8E5E00-82B8-4666-8692-52B36995D801}.Release|Any CPU.ActiveCfg = Release|Any CPU
		{3D8E5E00-82B8-4666-8692-52B36995D801}.Release|Any CPU.Build.0 = Release|Any CPU
	EndGlobalSection
	GlobalSection(SolutionProperties) = preSolution
		HideSolutionNode = FALSE
	EndGlobalSection
	GlobalSection(ExtensibilityGlobals) = postSolution
		SolutionGuid = {0B762C9F-772B-4E17-B434-0B9BD6A6D038}
	EndGlobalSection
EndGlobal
